
Microsoft Visual Studio Solution File, Format Version 12.00
# Visual Studio 15
VisualStudioVersion = 15.0.28010.2036
MinimumVisualStudioVersion = 10.0.40219.1
Project("{FAE04EC0-301F-11D3-BF4B-00C04F79EFBC}") = "Calculator", "Calculator\Calculator.csproj", "{61AEE7FC-BF28-4002-97D7-BD41471C23D5}"
EndProject
Global
	GlobalSection(SolutionConfigurationPlatforms) = preSolution
		Debug|Any CPU = Debug|Any CPU
		Release|Any CPU = Release|Any CPU
	EndGlobalSection
	GlobalSection(ProjectConfigurationPlatforms) = postSolution
		{61AEE7FC-BF28-4002-97D7-BD41471C23D5}.Debug|Any CPU.ActiveCfg = Debug|Any CPU
		{61AEE7FC-BF28-4002-97D7-BD41471C23D5}.Debug|Any CPU.Build.0 = Debug|Any CPU
		{61AEE7FC-BF28-4002-97D7-BD41471C23D5}.Release|Any CPU.ActiveCfg = Release|Any CPU
		{61AEE7FC-BF28-4002-97D7-BD41471C23D5}.Release|Any CPU.Build.0 = Release|Any CPU
	EndGlobalSection
	GlobalSection(SolutionProperties) = preSolution
		HideSolutionNode = FALSE
	EndGlobalSection
	GlobalSection(ExtensibilityGlobals) = postSolution
		SolutionGuid = {ECFB5658-4E80-41EE-8872-F8C209C76746}
	EndGlobalSection
EndGlobal
